// !$*UTF8*$!
{
	archiveVersion = 1;
	classes = {
	};
	objectVersion = 56;
	objects = {

/* Begin PBXBuildFile section */
		6C09625C2C4DFE760047B6AE /* SwiftToDoListApp.swift in Sources */ = {isa = PBXBuildFile; fileRef = 6C09625B2C4DFE760047B6AE /* SwiftToDoListApp.swift */; };
		6C09625E2C4DFE760047B6AE /* MainView.swift in Sources */ = {isa = PBXBuildFile; fileRef = 6C09625D2C4DFE760047B6AE /* MainView.swift */; };
		6C0962602C4DFE770047B6AE /* Assets.xcassets in Resources */ = {isa = PBXBuildFile; fileRef = 6C09625F2C4DFE770047B6AE /* Assets.xcassets */; };
		6C0962632C4DFE770047B6AE /* Preview Assets.xcassets in Resources */ = {isa = PBXBuildFile; fileRef = 6C0962622C4DFE770047B6AE /* Preview Assets.xcassets */; };
		6C09626B2C4E10640047B6AE /* FirebaseAuth in Frameworks */ = {isa = PBXBuildFile; productRef = 6C09626A2C4E10640047B6AE /* FirebaseAuth */; };
		6C09626D2C4E10640047B6AE /* FirebaseFirestore in Frameworks */ = {isa = PBXBuildFile; productRef = 6C09626C2C4E10640047B6AE /* FirebaseFirestore */; };
		6C09626F2C4E10640047B6AE /* FirebaseFirestoreSwift in Frameworks */ = {isa = PBXBuildFile; productRef = 6C09626E2C4E10640047B6AE /* FirebaseFirestoreSwift */; };
		6C8193862C4E2A4F0083F1B4 /* GoogleService-Info.plist in Resources */ = {isa = PBXBuildFile; fileRef = 6C8193852C4E2A4F0083F1B4 /* GoogleService-Info.plist */; };
		6C81938D2C4E328A0083F1B4 /* ProfileView.swift in Sources */ = {isa = PBXBuildFile; fileRef = 6C81938C2C4E328A0083F1B4 /* ProfileView.swift */; };
		6C81938F2C4E32B00083F1B4 /* ToDoListView.swift in Sources */ = {isa = PBXBuildFile; fileRef = 6C81938E2C4E32B00083F1B4 /* ToDoListView.swift */; };
		6C8193912C4E32CD0083F1B4 /* NewItemView.swift in Sources */ = {isa = PBXBuildFile; fileRef = 6C8193902C4E32CD0083F1B4 /* NewItemView.swift */; };
		6C8193932C4E32E60083F1B4 /* LoginView.swift in Sources */ = {isa = PBXBuildFile; fileRef = 6C8193922C4E32E60083F1B4 /* LoginView.swift */; };
		6C8193952C4E33060083F1B4 /* RegisterView.swift in Sources */ = {isa = PBXBuildFile; fileRef = 6C8193942C4E33060083F1B4 /* RegisterView.swift */; };
		6C8193972C4E333E0083F1B4 /* TODoListItemView.swift in Sources */ = {isa = PBXBuildFile; fileRef = 6C8193962C4E333E0083F1B4 /* TODoListItemView.swift */; };
		6C8193992C4E33780083F1B4 /* User.swift in Sources */ = {isa = PBXBuildFile; fileRef = 6C8193982C4E33780083F1B4 /* User.swift */; };
		6C81939B2C4E338E0083F1B4 /* ToDoListItem.swift in Sources */ = {isa = PBXBuildFile; fileRef = 6C81939A2C4E338E0083F1B4 /* ToDoListItem.swift */; };
		6C81939D2C4E33EA0083F1B4 /* MainViewViewModel.swift in Sources */ = {isa = PBXBuildFile; fileRef = 6C81939C2C4E33EA0083F1B4 /* MainViewViewModel.swift */; };
		6C81939F2C4E33F40083F1B4 /* ProfileViewViewModel.swift in Sources */ = {isa = PBXBuildFile; fileRef = 6C81939E2C4E33F40083F1B4 /* ProfileViewViewModel.swift */; };
		6C8193A12C4E33FE0083F1B4 /* ToDoListViewViewModel.swift in Sources */ = {isa = PBXBuildFile; fileRef = 6C8193A02C4E33FE0083F1B4 /* ToDoListViewViewModel.swift */; };
		6C8193A32C4E340A0083F1B4 /* NewItemViewViewModel.swift in Sources */ = {isa = PBXBuildFile; fileRef = 6C8193A22C4E340A0083F1B4 /* NewItemViewViewModel.swift */; };
		6C8193A52C4E34140083F1B4 /* LoginViewViewModel.swift in Sources */ = {isa = PBXBuildFile; fileRef = 6C8193A42C4E34140083F1B4 /* LoginViewViewModel.swift */; };
		6C8193A72C4E34200083F1B4 /* RegisterViewViewModel.swift in Sources */ = {isa = PBXBuildFile; fileRef = 6C8193A62C4E34200083F1B4 /* RegisterViewViewModel.swift */; };
		6C8193A92C4E342F0083F1B4 /* ToDoListItemViewViewModel.swift in Sources */ = {isa = PBXBuildFile; fileRef = 6C8193A82C4E342F0083F1B4 /* ToDoListItemViewViewModel.swift */; };
/* End PBXBuildFile section */

/* Begin PBXFileReference section */
		6C0962582C4DFE760047B6AE /* SwiftToDoList.app */ = {isa = PBXFileReference; explicitFileType = wrapper.application; includeInIndex = 0; path = SwiftToDoList.app; sourceTree = BUILT_PRODUCTS_DIR; };
		6C09625B2C4DFE760047B6AE /* SwiftToDoListApp.swift */ = {isa = PBXFileReference; lastKnownFileType = sourcecode.swift; path = SwiftToDoListApp.swift; sourceTree = "<group>"; };
		6C09625D2C4DFE760047B6AE /* MainView.swift */ = {isa = PBXFileReference; lastKnownFileType = sourcecode.swift; path = MainView.swift; sourceTree = "<group>"; };
		6C09625F2C4DFE770047B6AE /* Assets.xcassets */ = {isa = PBXFileReference; lastKnownFileType = folder.assetcatalog; path = Assets.xcassets; sourceTree = "<group>"; };
		6C0962622C4DFE770047B6AE /* Preview Assets.xcassets */ = {isa = PBXFileReference; lastKnownFileType = folder.assetcatalog; path = "Preview Assets.xcassets"; sourceTree = "<group>"; };
		6C8193852C4E2A4F0083F1B4 /* GoogleService-Info.plist */ = {isa = PBXFileReference; fileEncoding = 4; lastKnownFileType = text.plist.xml; path = "GoogleService-Info.plist"; sourceTree = "<group>"; };
		6C81938C2C4E328A0083F1B4 /* ProfileView.swift */ = {isa = PBXFileReference; lastKnownFileType = sourcecode.swift; path = ProfileView.swift; sourceTree = "<group>"; };
		6C81938E2C4E32B00083F1B4 /* ToDoListView.swift */ = {isa = PBXFileReference; lastKnownFileType = sourcecode.swift; path = ToDoListView.swift; sourceTree = "<group>"; };
		6C8193902C4E32CD0083F1B4 /* NewItemView.swift */ = {isa = PBXFileReference; lastKnownFileType = sourcecode.swift; path = NewItemView.swift; sourceTree = "<group>"; };
		6C8193922C4E32E60083F1B4 /* LoginView.swift */ = {isa = PBXFileReference; lastKnownFileType = sourcecode.swift; path = LoginView.swift; sourceTree = "<group>"; };
		6C8193942C4E33060083F1B4 /* RegisterView.swift */ = {isa = PBXFileReference; lastKnownFileType = sourcecode.swift; path = RegisterView.swift; sourceTree = "<group>"; };
		6C8193962C4E333E0083F1B4 /* TODoListItemView.swift */ = {isa = PBXFileReference; lastKnownFileType = sourcecode.swift; path = TODoListItemView.swift; sourceTree = "<group>"; };
		6C8193982C4E33780083F1B4 /* User.swift */ = {isa = PBXFileReference; lastKnownFileType = sourcecode.swift; path = User.swift; sourceTree = "<group>"; };
		6C81939A2C4E338E0083F1B4 /* ToDoListItem.swift */ = {isa = PBXFileReference; lastKnownFileType = sourcecode.swift; path = ToDoListItem.swift; sourceTree = "<group>"; };
		6C81939C2C4E33EA0083F1B4 /* MainViewViewModel.swift */ = {isa = PBXFileReference; lastKnownFileType = sourcecode.swift; path = MainViewViewModel.swift; sourceTree = "<group>"; };
		6C81939E2C4E33F40083F1B4 /* ProfileViewViewModel.swift */ = {isa = PBXFileReference; lastKnownFileType = sourcecode.swift; path = ProfileViewViewModel.swift; sourceTree = "<group>"; };
		6C8193A02C4E33FE0083F1B4 /* ToDoListViewViewModel.swift */ = {isa = PBXFileReference; lastKnownFileType = sourcecode.swift; path = ToDoListViewViewModel.swift; sourceTree = "<group>"; };
		6C8193A22C4E340A0083F1B4 /* NewItemViewViewModel.swift */ = {isa = PBXFileReference; lastKnownFileType = sourcecode.swift; path = NewItemViewViewModel.swift; sourceTree = "<group>"; };
		6C8193A42C4E34140083F1B4 /* LoginViewViewModel.swift */ = {isa = PBXFileReference; lastKnownFileType = sourcecode.swift; path = LoginViewViewModel.swift; sourceTree = "<group>"; };
		6C8193A62C4E34200083F1B4 /* RegisterViewViewModel.swift */ = {isa = PBXFileReference; lastKnownFileType = sourcecode.swift; path = RegisterViewViewModel.swift; sourceTree = "<group>"; };
		6C8193A82C4E342F0083F1B4 /* ToDoListItemViewViewModel.swift */ = {isa = PBXFileReference; lastKnownFileType = sourcecode.swift; path = ToDoListItemViewViewModel.swift; sourceTree = "<group>"; };
		6C8193AB2C4E37730083F1B4 /* Info.plist */ = {isa = PBXFileReference; lastKnownFileType = text.plist; path = Info.plist; sourceTree = "<group>"; };
/* End PBXFileReference section */

/* Begin PBXFrameworksBuildPhase section */
		6C0962552C4DFE760047B6AE /* Frameworks */ = {
			isa = PBXFrameworksBuildPhase;
			buildActionMask = 2147483647;
			files = (
				6C09626B2C4E10640047B6AE /* FirebaseAuth in Frameworks */,
				6C09626D2C4E10640047B6AE /* FirebaseFirestore in Frameworks */,
				6C09626F2C4E10640047B6AE /* FirebaseFirestoreSwift in Frameworks */,
			);
			runOnlyForDeploymentPostprocessing = 0;
		};
/* End PBXFrameworksBuildPhase section */

/* Begin PBXGroup section */
		6C09624F2C4DFE760047B6AE = {
			isa = PBXGroup;
			children = (
				6C09625A2C4DFE760047B6AE /* SwiftToDoList */,
				6C0962592C4DFE760047B6AE /* Products */,
			);
			sourceTree = "<group>";
		};
		6C0962592C4DFE760047B6AE /* Products */ = {
			isa = PBXGroup;
			children = (
				6C0962582C4DFE760047B6AE /* SwiftToDoList.app */,
			);
			name = Products;
			sourceTree = "<group>";
		};
		6C09625A2C4DFE760047B6AE /* SwiftToDoList */ = {
			isa = PBXGroup;
			children = (
				6C8193AB2C4E37730083F1B4 /* Info.plist */,
				6C81938B2C4E2F4A0083F1B4 /* Other */,
				6C81938A2C4E2F360083F1B4 /* Models */,
				6C8193892C4E2F100083F1B4 /* ViewModels */,
				6C8193872C4E2EFE0083F1B4 /* Views */,
				6C0962612C4DFE770047B6AE /* Preview Content */,
			);
			path = SwiftToDoList;
			sourceTree = "<group>";
		};
		6C0962612C4DFE770047B6AE /* Preview Content */ = {
			isa = PBXGroup;
			children = (
				6C0962622C4DFE770047B6AE /* Preview Assets.xcassets */,
			);
			path = "Preview Content";
			sourceTree = "<group>";
		};
		6C8193872C4E2EFE0083F1B4 /* Views */ = {
			isa = PBXGroup;
			children = (
				6C09625D2C4DFE760047B6AE /* MainView.swift */,
				6C81938C2C4E328A0083F1B4 /* ProfileView.swift */,
				6C81938E2C4E32B00083F1B4 /* ToDoListView.swift */,
				6C8193902C4E32CD0083F1B4 /* NewItemView.swift */,
				6C8193922C4E32E60083F1B4 /* LoginView.swift */,
				6C8193942C4E33060083F1B4 /* RegisterView.swift */,
				6C8193962C4E333E0083F1B4 /* TODoListItemView.swift */,
			);
			path = Views;
			sourceTree = "<group>";
		};
		6C8193892C4E2F100083F1B4 /* ViewModels */ = {
			isa = PBXGroup;
			children = (
				6C81939C2C4E33EA0083F1B4 /* MainViewViewModel.swift */,
				6C81939E2C4E33F40083F1B4 /* ProfileViewViewModel.swift */,
				6C8193A02C4E33FE0083F1B4 /* ToDoListViewViewModel.swift */,
				6C8193A22C4E340A0083F1B4 /* NewItemViewViewModel.swift */,
				6C8193A42C4E34140083F1B4 /* LoginViewViewModel.swift */,
				6C8193A62C4E34200083F1B4 /* RegisterViewViewModel.swift */,
				6C8193A82C4E342F0083F1B4 /* ToDoListItemViewViewModel.swift */,
			);
			path = ViewModels;
			sourceTree = "<group>";
		};
		6C81938A2C4E2F360083F1B4 /* Models */ = {
			isa = PBXGroup;
			children = (
				6C8193982C4E33780083F1B4 /* User.swift */,
				6C81939A2C4E338E0083F1B4 /* ToDoListItem.swift */,
			);
			path = Models;
			sourceTree = "<group>";
		};
		6C81938B2C4E2F4A0083F1B4 /* Other */ = {
			isa = PBXGroup;
			children = (
				6C09625F2C4DFE770047B6AE /* Assets.xcassets */,
				6C8193852C4E2A4F0083F1B4 /* GoogleService-Info.plist */,
				6C09625B2C4DFE760047B6AE /* SwiftToDoListApp.swift */,
			);
			path = Other;
			sourceTree = "<group>";
		};
/* End PBXGroup section */

/* Begin PBXNativeTarget section */
		6C0962572C4DFE760047B6AE /* SwiftToDoList */ = {
			isa = PBXNativeTarget;
			buildConfigurationList = 6C0962662C4DFE770047B6AE /* Build configuration list for PBXNativeTarget "SwiftToDoList" */;
			buildPhases = (
				6C0962542C4DFE760047B6AE /* Sources */,
				6C0962552C4DFE760047B6AE /* Frameworks */,
				6C0962562C4DFE760047B6AE /* Resources */,
			);
			buildRules = (
			);
			dependencies = (
			);
			name = SwiftToDoList;
			packageProductDependencies = (
				6C09626A2C4E10640047B6AE /* FirebaseAuth */,
				6C09626C2C4E10640047B6AE /* FirebaseFirestore */,
				6C09626E2C4E10640047B6AE /* FirebaseFirestoreSwift */,
			);
			productName = SwiftToDoList;
			productReference = 6C0962582C4DFE760047B6AE /* SwiftToDoList.app */;
			productType = "com.apple.product-type.application";
		};
/* End PBXNativeTarget section */

/* Begin PBXProject section */
		6C0962502C4DFE760047B6AE /* Project object */ = {
			isa = PBXProject;
			attributes = {
				BuildIndependentTargetsInParallel = 1;
				LastSwiftUpdateCheck = 1540;
				LastUpgradeCheck = 1540;
				TargetAttributes = {
					6C0962572C4DFE760047B6AE = {
						CreatedOnToolsVersion = 15.4;
					};
				};
			};
			buildConfigurationList = 6C0962532C4DFE760047B6AE /* Build configuration list for PBXProject "SwiftToDoList" */;
			compatibilityVersion = "Xcode 14.0";
			developmentRegion = en;
			hasScannedForEncodings = 0;
			knownRegions = (
				en,
				Base,
			);
			mainGroup = 6C09624F2C4DFE760047B6AE;
			packageReferences = (
				6C0962692C4E10640047B6AE /* XCRemoteSwiftPackageReference "firebase-ios-sdk" */,
			);
			productRefGroup = 6C0962592C4DFE760047B6AE /* Products */;
			projectDirPath = "";
			projectRoot = "";
			targets = (
				6C0962572C4DFE760047B6AE /* SwiftToDoList */,
			);
		};
/* End PBXProject section */

/* Begin PBXResourcesBuildPhase section */
		6C0962562C4DFE760047B6AE /* Resources */ = {
			isa = PBXResourcesBuildPhase;
			buildActionMask = 2147483647;
			files = (
				6C0962632C4DFE770047B6AE /* Preview Assets.xcassets in Resources */,
				6C0962602C4DFE770047B6AE /* Assets.xcassets in Resources */,
				6C8193862C4E2A4F0083F1B4 /* GoogleService-Info.plist in Resources */,
			);
			runOnlyForDeploymentPostprocessing = 0;
		};
/* End PBXResourcesBuildPhase section */

/* Begin PBXSourcesBuildPhase section */
		6C0962542C4DFE760047B6AE /* Sources */ = {
			isa = PBXSourcesBuildPhase;
			buildActionMask = 2147483647;
			files = (
				6C8193932C4E32E60083F1B4 /* LoginView.swift in Sources */,
				6C09625E2C4DFE760047B6AE /* MainView.swift in Sources */,
				6C8193A72C4E34200083F1B4 /* RegisterViewViewModel.swift in Sources */,
				6C81939D2C4E33EA0083F1B4 /* MainViewViewModel.swift in Sources */,
				6C81938F2C4E32B00083F1B4 /* ToDoListView.swift in Sources */,
				6C8193952C4E33060083F1B4 /* RegisterView.swift in Sources */,
				6C81939F2C4E33F40083F1B4 /* ProfileViewViewModel.swift in Sources */,
				6C81938D2C4E328A0083F1B4 /* ProfileView.swift in Sources */,
				6C8193992C4E33780083F1B4 /* User.swift in Sources */,
				6C8193972C4E333E0083F1B4 /* TODoListItemView.swift in Sources */,
				6C8193A12C4E33FE0083F1B4 /* ToDoListViewViewModel.swift in Sources */,
				6C8193A52C4E34140083F1B4 /* LoginViewViewModel.swift in Sources */,
				6C09625C2C4DFE760047B6AE /* SwiftToDoListApp.swift in Sources */,
				6C81939B2C4E338E0083F1B4 /* ToDoListItem.swift in Sources */,
				6C8193912C4E32CD0083F1B4 /* NewItemView.swift in Sources */,
				6C8193A32C4E340A0083F1B4 /* NewItemViewViewModel.swift in Sources */,
				6C8193A92C4E342F0083F1B4 /* ToDoListItemViewViewModel.swift in Sources */,
			);
			runOnlyForDeploymentPostprocessing = 0;
		};
/* End PBXSourcesBuildPhase section */

/* Begin XCBuildConfiguration section */
		6C0962642C4DFE770047B6AE /* Debug */ = {
			isa = XCBuildConfiguration;
			buildSettings = {
				ALWAYS_SEARCH_USER_PATHS = NO;
				ASSETCATALOG_COMPILER_GENERATE_SWIFT_ASSET_SYMBOL_EXTENSIONS = YES;
				CLANG_ANALYZER_NONNULL = YES;
				CLANG_ANALYZER_NUMBER_OBJECT_CONVERSION = YES_AGGRESSIVE;
				CLANG_CXX_LANGUAGE_STANDARD = "gnu++20";
				CLANG_ENABLE_MODULES = YES;
				CLANG_ENABLE_OBJC_ARC = YES;
				CLANG_ENABLE_OBJC_WEAK = YES;
				CLANG_WARN_BLOCK_CAPTURE_AUTORELEASING = YES;
				CLANG_WARN_BOOL_CONVERSION = YES;
				CLANG_WARN_COMMA = YES;
				CLANG_WARN_CONSTANT_CONVERSION = YES;
				CLANG_WARN_DEPRECATED_OBJC_IMPLEMENTATIONS = YES;
				CLANG_WARN_DIRECT_OBJC_ISA_USAGE = YES_ERROR;
				CLANG_WARN_DOCUMENTATION_COMMENTS = YES;
				CLANG_WARN_EMPTY_BODY = YES;
				CLANG_WARN_ENUM_CONVERSION = YES;
				CLANG_WARN_INFINITE_RECURSION = YES;
				CLANG_WARN_INT_CONVERSION = YES;
				CLANG_WARN_NON_LITERAL_NULL_CONVERSION = YES;
				CLANG_WARN_OBJC_IMPLICIT_RETAIN_SELF = YES;
				CLANG_WARN_OBJC_LITERAL_CONVERSION = YES;
				CLANG_WARN_OBJC_ROOT_CLASS = YES_ERROR;
				CLANG_WARN_QUOTED_INCLUDE_IN_FRAMEWORK_HEADER = YES;
				CLANG_WARN_RANGE_LOOP_ANALYSIS = YES;
				CLANG_WARN_STRICT_PROTOTYPES = YES;
				CLANG_WARN_SUSPICIOUS_MOVE = YES;
				CLANG_WARN_UNGUARDED_AVAILABILITY = YES_AGGRESSIVE;
				CLANG_WARN_UNREACHABLE_CODE = YES;
				CLANG_WARN__DUPLICATE_METHOD_MATCH = YES;
				COPY_PHASE_STRIP = NO;
				DEBUG_INFORMATION_FORMAT = dwarf;
				ENABLE_STRICT_OBJC_MSGSEND = YES;
				ENABLE_TESTABILITY = YES;
				ENABLE_USER_SCRIPT_SANDBOXING = YES;
				GCC_C_LANGUAGE_STANDARD = gnu17;
				GCC_DYNAMIC_NO_PIC = NO;
				GCC_NO_COMMON_BLOCKS = YES;
				GCC_OPTIMIZATION_LEVEL = 0;
				GCC_PREPROCESSOR_DEFINITIONS = (
					"DEBUG=1",
					"$(inherited)",
				);
				GCC_WARN_64_TO_32_BIT_CONVERSION = YES;
				GCC_WARN_ABOUT_RETURN_TYPE = YES_ERROR;
				GCC_WARN_UNDECLARED_SELECTOR = YES;
				GCC_WARN_UNINITIALIZED_AUTOS = YES_AGGRESSIVE;
				GCC_WARN_UNUSED_FUNCTION = YES;
				GCC_WARN_UNUSED_VARIABLE = YES;
				IPHONEOS_DEPLOYMENT_TARGET = 17.5;
				LOCALIZATION_PREFERS_STRING_CATALOGS = YES;
				MTL_ENABLE_DEBUG_INFO = INCLUDE_SOURCE;
				MTL_FAST_MATH = YES;
				ONLY_ACTIVE_ARCH = YES;
				SDKROOT = iphoneos;
				SWIFT_ACTIVE_COMPILATION_CONDITIONS = "DEBUG $(inherited)";
				SWIFT_OPTIMIZATION_LEVEL = "-Onone";
			};
			name = Debug;
		};
		6C0962652C4DFE770047B6AE /* Release */ = {
			isa = XCBuildConfiguration;
			buildSettings = {
				ALWAYS_SEARCH_USER_PATHS = NO;
				ASSETCATALOG_COMPILER_GENERATE_SWIFT_ASSET_SYMBOL_EXTENSIONS = YES;
				CLANG_ANALYZER_NONNULL = YES;
				CLANG_ANALYZER_NUMBER_OBJECT_CONVERSION = YES_AGGRESSIVE;
				CLANG_CXX_LANGUAGE_STANDARD = "gnu++20";
				CLANG_ENABLE_MODULES = YES;
				CLANG_ENABLE_OBJC_ARC = YES;
				CLANG_ENABLE_OBJC_WEAK = YES;
				CLANG_WARN_BLOCK_CAPTURE_AUTORELEASING = YES;
				CLANG_WARN_BOOL_CONVERSION = YES;
				CLANG_WARN_COMMA = YES;
				CLANG_WARN_CONSTANT_CONVERSION = YES;
				CLANG_WARN_DEPRECATED_OBJC_IMPLEMENTATIONS = YES;
				CLANG_WARN_DIRECT_OBJC_ISA_USAGE = YES_ERROR;
				CLANG_WARN_DOCUMENTATION_COMMENTS = YES;
				CLANG_WARN_EMPTY_BODY = YES;
				CLANG_WARN_ENUM_CONVERSION = YES;
				CLANG_WARN_INFINITE_RECURSION = YES;
				CLANG_WARN_INT_CONVERSION = YES;
				CLANG_WARN_NON_LITERAL_NULL_CONVERSION = YES;
				CLANG_WARN_OBJC_IMPLICIT_RETAIN_SELF = YES;
				CLANG_WARN_OBJC_LITERAL_CONVERSION = YES;
				CLANG_WARN_OBJC_ROOT_CLASS = YES_ERROR;
				CLANG_WARN_QUOTED_INCLUDE_IN_FRAMEWORK_HEADER = YES;
				CLANG_WARN_RANGE_LOOP_ANALYSIS = YES;
				CLANG_WARN_STRICT_PROTOTYPES = YES;
				CLANG_WARN_SUSPICIOUS_MOVE = YES;
				CLANG_WARN_UNGUARDED_AVAILABILITY = YES_AGGRESSIVE;
				CLANG_WARN_UNREACHABLE_CODE = YES;
				CLANG_WARN__DUPLICATE_METHOD_MATCH = YES;
				COPY_PHASE_STRIP = NO;
				DEBUG_INFORMATION_FORMAT = "dwarf-with-dsym";
				ENABLE_NS_ASSERTIONS = NO;
				ENABLE_STRICT_OBJC_MSGSEND = YES;
				ENABLE_USER_SCRIPT_SANDBOXING = YES;
				GCC_C_LANGUAGE_STANDARD = gnu17;
				GCC_NO_COMMON_BLOCKS = YES;
				GCC_WARN_64_TO_32_BIT_CONVERSION = YES;
				GCC_WARN_ABOUT_RETURN_TYPE = YES_ERROR;
				GCC_WARN_UNDECLARED_SELECTOR = YES;
				GCC_WARN_UNINITIALIZED_AUTOS = YES_AGGRESSIVE;
				GCC_WARN_UNUSED_FUNCTION = YES;
				GCC_WARN_UNUSED_VARIABLE = YES;
				IPHONEOS_DEPLOYMENT_TARGET = 17.5;
				LOCALIZATION_PREFERS_STRING_CATALOGS = YES;
				MTL_ENABLE_DEBUG_INFO = NO;
				MTL_FAST_MATH = YES;
				SDKROOT = iphoneos;
				SWIFT_COMPILATION_MODE = wholemodule;
				VALIDATE_PRODUCT = YES;
			};
			name = Release;
		};
		6C0962672C4DFE770047B6AE /* Debug */ = {
			isa = XCBuildConfiguration;
			buildSettings = {
				ASSETCATALOG_COMPILER_APPICON_NAME = AppIcon;
				ASSETCATALOG_COMPILER_GLOBAL_ACCENT_COLOR_NAME = AccentColor;
				CODE_SIGN_STYLE = Automatic;
				CURRENT_PROJECT_VERSION = 1;
				DEVELOPMENT_ASSET_PATHS = "\"SwiftToDoList/Preview Content\"";
				DEVELOPMENT_TEAM = 3RFJ9FQWHA;
				ENABLE_PREVIEWS = YES;
				GENERATE_INFOPLIST_FILE = YES;
				INFOPLIST_FILE = SwiftToDoList/Info.plist;
				INFOPLIST_KEY_UIApplicationSceneManifest_Generation = YES;
				INFOPLIST_KEY_UIApplicationSupportsIndirectInputEvents = YES;
				INFOPLIST_KEY_UILaunchScreen_Generation = YES;
				INFOPLIST_KEY_UISupportedInterfaceOrientations = UIInterfaceOrientationPortrait;
				LD_RUNPATH_SEARCH_PATHS = (
					"$(inherited)",
					"@executable_path/Frameworks",
				);
				MARKETING_VERSION = 1.0;
				PRODUCT_BUNDLE_IDENTIFIER = com.OneTen.SwiftToDoList;
				PRODUCT_NAME = "$(TARGET_NAME)";
				SWIFT_EMIT_LOC_STRINGS = YES;
				SWIFT_VERSION = 5.0;
				TARGETED_DEVICE_FAMILY = "1,2";
			};
			name = Debug;
		};
		6C0962682C4DFE770047B6AE /* Release */ = {
			isa = XCBuildConfiguration;
			buildSettings = {
				ASSETCATALOG_COMPILER_APPICON_NAME = AppIcon;
				ASSETCATALOG_COMPILER_GLOBAL_ACCENT_COLOR_NAME = AccentColor;
				CODE_SIGN_STYLE = Automatic;
				CURRENT_PROJECT_VERSION = 1;
				DEVELOPMENT_ASSET_PATHS = "\"SwiftToDoList/Preview Content\"";
				DEVELOPMENT_TEAM = 3RFJ9FQWHA;
				ENABLE_PREVIEWS = YES;
				GENERATE_INFOPLIST_FILE = YES;
				INFOPLIST_FILE = SwiftToDoList/Info.plist;
				INFOPLIST_KEY_UIApplicationSceneManifest_Generation = YES;
				INFOPLIST_KEY_UIApplicationSupportsIndirectInputEvents = YES;
				INFOPLIST_KEY_UILaunchScreen_Generation = YES;
				INFOPLIST_KEY_UISupportedInterfaceOrientations = UIInterfaceOrientationPortrait;
				LD_RUNPATH_SEARCH_PATHS = (
					"$(inherited)",
					"@executable_path/Frameworks",
				);
				MARKETING_VERSION = 1.0;
				PRODUCT_BUNDLE_IDENTIFIER = com.OneTen.SwiftToDoList;
				PRODUCT_NAME = "$(TARGET_NAME)";
				SWIFT_EMIT_LOC_STRINGS = YES;
				SWIFT_VERSION = 5.0;
				TARGETED_DEVICE_FAMILY = "1,2";
			};
			name = Release;
		};
/* End XCBuildConfiguration section */

/* Begin XCConfigurationList section */
		6C0962532C4DFE760047B6AE /* Build configuration list for PBXProject "SwiftToDoList" */ = {
			isa = XCConfigurationList;
			buildConfigurations = (
				6C0962642C4DFE770047B6AE /* Debug */,
				6C0962652C4DFE770047B6AE /* Release */,
			);
			defaultConfigurationIsVisible = 0;
			defaultConfigurationName = Release;
		};
		6C0962662C4DFE770047B6AE /* Build configuration list for PBXNativeTarget "SwiftToDoList" */ = {
			isa = XCConfigurationList;
			buildConfigurations = (
				6C0962672C4DFE770047B6AE /* Debug */,
				6C0962682C4DFE770047B6AE /* Release */,
			);
			defaultConfigurationIsVisible = 0;
			defaultConfigurationName = Release;
		};
/* End XCConfigurationList section */

/* Begin XCRemoteSwiftPackageReference section */
		6C0962692C4E10640047B6AE /* XCRemoteSwiftPackageReference "firebase-ios-sdk" */ = {
			isa = XCRemoteSwiftPackageReference;
			repositoryURL = "https://github.com/firebase/firebase-ios-sdk.git";
			requirement = {
				kind = upToNextMajorVersion;
				minimumVersion = 10.29.0;
			};
		};
/* End XCRemoteSwiftPackageReference section */

/* Begin XCSwiftPackageProductDependency section */
		6C09626A2C4E10640047B6AE /* FirebaseAuth */ = {
			isa = XCSwiftPackageProductDependency;
			package = 6C0962692C4E10640047B6AE /* XCRemoteSwiftPackageReference "firebase-ios-sdk" */;
			productName = FirebaseAuth;
		};
		6C09626C2C4E10640047B6AE /* FirebaseFirestore */ = {
			isa = XCSwiftPackageProductDependency;
			package = 6C0962692C4E10640047B6AE /* XCRemoteSwiftPackageReference "firebase-ios-sdk" */;
			productName = FirebaseFirestore;
		};
		6C09626E2C4E10640047B6AE /* FirebaseFirestoreSwift */ = {
			isa = XCSwiftPackageProductDependency;
			package = 6C0962692C4E10640047B6AE /* XCRemoteSwiftPackageReference "firebase-ios-sdk" */;
			productName = FirebaseFirestoreSwift;
		};
/* End XCSwiftPackageProductDependency section */
	};
	rootObject = 6C0962502C4DFE760047B6AE /* Project object */;
}
